
Microsoft Visual Studio Solution File, Format Version 12.00
# Visual Studio Version 17
VisualStudioVersion = 17.7.34221.43
MinimumVisualStudioVersion = 10.0.40219.1
Project("{FAE04EC0-301F-11D3-BF4B-00C04F79EFBC}") = "WebApp", "WebApp\WebApp.csproj", "{A3024B6F-16E4-424D-A777-24402DFCC323}"
EndProject
Global
	GlobalSection(SolutionConfigurationPlatforms) = preSolution
		Debug|Any CPU = Debug|Any CPU
		Release|Any CPU = Release|Any CPU
	EndGlobalSection
	GlobalSection(ProjectConfigurationPlatforms) = postSolution
		{A3024B6F-16E4-424D-A777-24402DFCC323}.Debug|Any CPU.ActiveCfg = Debug|Any CPU
		{A3024B6F-16E4-424D-A777-24402DFCC323}.Debug|Any CPU.Build.0 = Debug|Any CPU
		{A3024B6F-16E4-424D-A777-24402DFCC323}.Release|Any CPU.ActiveCfg = Release|Any CPU
		{A3024B6F-16E4-424D-A777-24402DFCC323}.Release|Any CPU.Build.0 = Release|Any CPU
	EndGlobalSection
	GlobalSection(SolutionProperties) = preSolution
		HideSolutionNode = FALSE
	EndGlobalSection
	GlobalSection(ExtensibilityGlobals) = postSolution
		SolutionGuid = {C0C29DC8-27D4-402E-9C06-1AA9838668E3}
	EndGlobalSection
EndGlobal
